
Microsoft Visual Studio Solution File, Format Version 12.00
# Visual Studio Version 16
VisualStudioVersion = 25.0.1700.1
MinimumVisualStudioVersion = 10.0.40219.1
Project("{FAE04EC0-301F-11D3-BF4B-00C04F79EFBC}") = "Homework09JUNE", "Homework09JUNE\Homework09JUNE.csproj", "{45DB38CC-A033-4A30-B0E9-CBBE6E2F57A0}"
EndProject
Global
	GlobalSection(SolutionConfigurationPlatforms) = preSolution
		Debug|Any CPU = Debug|Any CPU
		Release|Any CPU = Release|Any CPU
	EndGlobalSection
	GlobalSection(ProjectConfigurationPlatforms) = postSolution
		{45DB38CC-A033-4A30-B0E9-CBBE6E2F57A0}.Debug|Any CPU.ActiveCfg = Debug|Any CPU
		{45DB38CC-A033-4A30-B0E9-CBBE6E2F57A0}.Debug|Any CPU.Build.0 = Debug|Any CPU
		{45DB38CC-A033-4A30-B0E9-CBBE6E2F57A0}.Release|Any CPU.ActiveCfg = Release|Any CPU
		{45DB38CC-A033-4A30-B0E9-CBBE6E2F57A0}.Release|Any CPU.Build.0 = Release|Any CPU
	EndGlobalSection
	GlobalSection(SolutionProperties) = preSolution
		HideSolutionNode = FALSE
	EndGlobalSection
	GlobalSection(ExtensibilityGlobals) = postSolution
		SolutionGuid = {7D8F2523-E957-4556-99E3-46107616A31B}
	EndGlobalSection
EndGlobal
